// !$*UTF8*$!
{
	archiveVersion = 1;
	classes = {
	};
	objectVersion = 46;
	objects = {

/* Begin PBXBuildFile section */
		2B487FE21A95589200AB6375 /* AppDelegate.swift in Sources */ = {isa = PBXBuildFile; fileRef = 2B487FE11A95589200AB6375 /* AppDelegate.swift */; };
		2B487FE51A95589200AB6375 /* Cordon_Sanitaire.xcdatamodeld in Sources */ = {isa = PBXBuildFile; fileRef = 2B487FE31A95589200AB6375 /* Cordon_Sanitaire.xcdatamodeld */; };
		2B487FE71A95589200AB6375 /* ViewController.swift in Sources */ = {isa = PBXBuildFile; fileRef = 2B487FE61A95589200AB6375 /* ViewController.swift */; };
		2B487FEA1A95589200AB6375 /* Main.storyboard in Resources */ = {isa = PBXBuildFile; fileRef = 2B487FE81A95589200AB6375 /* Main.storyboard */; };
		2B487FEC1A95589200AB6375 /* Images.xcassets in Resources */ = {isa = PBXBuildFile; fileRef = 2B487FEB1A95589200AB6375 /* Images.xcassets */; };
		2B487FEF1A95589200AB6375 /* LaunchScreen.xib in Resources */ = {isa = PBXBuildFile; fileRef = 2B487FED1A95589200AB6375 /* LaunchScreen.xib */; };
		2B487FFB1A95589200AB6375 /* Cordon_SanitaireTests.swift in Sources */ = {isa = PBXBuildFile; fileRef = 2B487FFA1A95589200AB6375 /* Cordon_SanitaireTests.swift */; };
		6BC0FB311A95617D00542CF0 /* AudioToolbox.framework in Frameworks */ = {isa = PBXBuildFile; fileRef = 6BC0FB301A95617D00542CF0 /* AudioToolbox.framework */; };
		6BC0FB351A95619000542CF0 /* CoreGraphics.framework in Frameworks */ = {isa = PBXBuildFile; fileRef = 6BC0FB341A95619000542CF0 /* CoreGraphics.framework */; };
		6BC0FB371A95619C00542CF0 /* CoreLocation.framework in Frameworks */ = {isa = PBXBuildFile; fileRef = 6BC0FB361A95619C00542CF0 /* CoreLocation.framework */; };
		6BC0FB391A9561AE00542CF0 /* libz.dylib in Frameworks */ = {isa = PBXBuildFile; fileRef = 6BC0FB381A9561AE00542CF0 /* libz.dylib */; };
		6BC0FB3B1A9561B700542CF0 /* MobileCoreServices.framework in Frameworks */ = {isa = PBXBuildFile; fileRef = 6BC0FB3A1A9561B700542CF0 /* MobileCoreServices.framework */; };
		6BC0FB3D1A9561BD00542CF0 /* QuartzCore.framework in Frameworks */ = {isa = PBXBuildFile; fileRef = 6BC0FB3C1A9561BD00542CF0 /* QuartzCore.framework */; };
		6BC0FB3F1A9561C500542CF0 /* Security.framework in Frameworks */ = {isa = PBXBuildFile; fileRef = 6BC0FB3E1A9561C500542CF0 /* Security.framework */; };
		6BC0FB411A9561D000542CF0 /* StoreKit.framework in Frameworks */ = {isa = PBXBuildFile; fileRef = 6BC0FB401A9561D000542CF0 /* StoreKit.framework */; };
		6BC0FB431A9561DB00542CF0 /* SystemConfiguration.framework in Frameworks */ = {isa = PBXBuildFile; fileRef = 6BC0FB421A9561DB00542CF0 /* SystemConfiguration.framework */; };
		6BC0FB741A956A5E00542CF0 /* Bolts.framework in Frameworks */ = {isa = PBXBuildFile; fileRef = 6BC0FB6F1A956A5E00542CF0 /* Bolts.framework */; };
		6BC0FB751A956A5E00542CF0 /* Parse.framework in Frameworks */ = {isa = PBXBuildFile; fileRef = 6BC0FB701A956A5E00542CF0 /* Parse.framework */; };
		6BC0FB761A956A5E00542CF0 /* ParseCrashReporting.framework in Frameworks */ = {isa = PBXBuildFile; fileRef = 6BC0FB711A956A5E00542CF0 /* ParseCrashReporting.framework */; };
		6BC0FB771A956A5E00542CF0 /* ParseFacebookUtils.framework in Frameworks */ = {isa = PBXBuildFile; fileRef = 6BC0FB721A956A5E00542CF0 /* ParseFacebookUtils.framework */; };
		6BC0FB781A956A5E00542CF0 /* ParseUI.framework in Frameworks */ = {isa = PBXBuildFile; fileRef = 6BC0FB731A956A5E00542CF0 /* ParseUI.framework */; };
		6BC0FB7A1A956AF500542CF0 /* CFNetwork.framework in Frameworks */ = {isa = PBXBuildFile; fileRef = 6BC0FB791A956AF500542CF0 /* CFNetwork.framework */; };
		6BC0FB7E1A956B8700542CF0 /* libsqlite3.dylib in Frameworks */ = {isa = PBXBuildFile; fileRef = 6BC0FB7D1A956B8700542CF0 /* libsqlite3.dylib */; };
/* End PBXBuildFile section */

/* Begin PBXContainerItemProxy section */
		2B487FF51A95589200AB6375 /* PBXContainerItemProxy */ = {
			isa = PBXContainerItemProxy;
			containerPortal = 2B487FD41A95589200AB6375 /* Project object */;
			proxyType = 1;
			remoteGlobalIDString = 2B487FDB1A95589200AB6375;
			remoteInfo = "Cordon Sanitaire";
		};
/* End PBXContainerItemProxy section */

/* Begin PBXFileReference section */
		2B487FDC1A95589200AB6375 /* Cordon Sanitaire.app */ = {isa = PBXFileReference; explicitFileType = wrapper.application; includeInIndex = 0; path = "Cordon Sanitaire.app"; sourceTree = BUILT_PRODUCTS_DIR; };
		2B487FE01A95589200AB6375 /* Info.plist */ = {isa = PBXFileReference; lastKnownFileType = text.plist.xml; path = Info.plist; sourceTree = "<group>"; };
		2B487FE11A95589200AB6375 /* AppDelegate.swift */ = {isa = PBXFileReference; lastKnownFileType = sourcecode.swift; path = AppDelegate.swift; sourceTree = "<group>"; };
		2B487FE41A95589200AB6375 /* Cordon_Sanitaire.xcdatamodel */ = {isa = PBXFileReference; lastKnownFileType = wrapper.xcdatamodel; path = Cordon_Sanitaire.xcdatamodel; sourceTree = "<group>"; };
		2B487FE61A95589200AB6375 /* ViewController.swift */ = {isa = PBXFileReference; lastKnownFileType = sourcecode.swift; path = ViewController.swift; sourceTree = "<group>"; };
		2B487FE91A95589200AB6375 /* Base */ = {isa = PBXFileReference; lastKnownFileType = file.storyboard; name = Base; path = Base.lproj/Main.storyboard; sourceTree = "<group>"; };
		2B487FEB1A95589200AB6375 /* Images.xcassets */ = {isa = PBXFileReference; lastKnownFileType = folder.assetcatalog; path = Images.xcassets; sourceTree = "<group>"; };
		2B487FEE1A95589200AB6375 /* Base */ = {isa = PBXFileReference; lastKnownFileType = file.xib; name = Base; path = Base.lproj/LaunchScreen.xib; sourceTree = "<group>"; };
		2B487FF41A95589200AB6375 /* Cordon SanitaireTests.xctest */ = {isa = PBXFileReference; explicitFileType = wrapper.cfbundle; includeInIndex = 0; path = "Cordon SanitaireTests.xctest"; sourceTree = BUILT_PRODUCTS_DIR; };
		2B487FF91A95589200AB6375 /* Info.plist */ = {isa = PBXFileReference; lastKnownFileType = text.plist.xml; path = Info.plist; sourceTree = "<group>"; };
		2B487FFA1A95589200AB6375 /* Cordon_SanitaireTests.swift */ = {isa = PBXFileReference; lastKnownFileType = sourcecode.swift; path = Cordon_SanitaireTests.swift; sourceTree = "<group>"; };
		6BC0FB301A95617D00542CF0 /* AudioToolbox.framework */ = {isa = PBXFileReference; lastKnownFileType = wrapper.framework; name = AudioToolbox.framework; path = System/Library/Frameworks/AudioToolbox.framework; sourceTree = SDKROOT; };
		6BC0FB341A95619000542CF0 /* CoreGraphics.framework */ = {isa = PBXFileReference; lastKnownFileType = wrapper.framework; name = CoreGraphics.framework; path = System/Library/Frameworks/CoreGraphics.framework; sourceTree = SDKROOT; };
		6BC0FB361A95619C00542CF0 /* CoreLocation.framework */ = {isa = PBXFileReference; lastKnownFileType = wrapper.framework; name = CoreLocation.framework; path = System/Library/Frameworks/CoreLocation.framework; sourceTree = SDKROOT; };
		6BC0FB381A9561AE00542CF0 /* libz.dylib */ = {isa = PBXFileReference; lastKnownFileType = "compiled.mach-o.dylib"; name = libz.dylib; path = usr/lib/libz.dylib; sourceTree = SDKROOT; };
		6BC0FB3A1A9561B700542CF0 /* MobileCoreServices.framework */ = {isa = PBXFileReference; lastKnownFileType = wrapper.framework; name = MobileCoreServices.framework; path = System/Library/Frameworks/MobileCoreServices.framework; sourceTree = SDKROOT; };
		6BC0FB3C1A9561BD00542CF0 /* QuartzCore.framework */ = {isa = PBXFileReference; lastKnownFileType = wrapper.framework; name = QuartzCore.framework; path = System/Library/Frameworks/QuartzCore.framework; sourceTree = SDKROOT; };
		6BC0FB3E1A9561C500542CF0 /* Security.framework */ = {isa = PBXFileReference; lastKnownFileType = wrapper.framework; name = Security.framework; path = System/Library/Frameworks/Security.framework; sourceTree = SDKROOT; };
		6BC0FB401A9561D000542CF0 /* StoreKit.framework */ = {isa = PBXFileReference; lastKnownFileType = wrapper.framework; name = StoreKit.framework; path = System/Library/Frameworks/StoreKit.framework; sourceTree = SDKROOT; };
		6BC0FB421A9561DB00542CF0 /* SystemConfiguration.framework */ = {isa = PBXFileReference; lastKnownFileType = wrapper.framework; name = SystemConfiguration.framework; path = System/Library/Frameworks/SystemConfiguration.framework; sourceTree = SDKROOT; };
		6BC0FB551A9562B700542CF0 /* Cordon Sanitaire-Bridging-Header.h */ = {isa = PBXFileReference; lastKnownFileType = sourcecode.c.h; path = "Cordon Sanitaire-Bridging-Header.h"; sourceTree = SOURCE_ROOT; };
		6BC0FB6F1A956A5E00542CF0 /* Bolts.framework */ = {isa = PBXFileReference; lastKnownFileType = wrapper.framework; name = Bolts.framework; path = "Addons/parse-library-1.6.2/Bolts.framework"; sourceTree = "<group>"; };
		6BC0FB701A956A5E00542CF0 /* Parse.framework */ = {isa = PBXFileReference; lastKnownFileType = wrapper.framework; name = Parse.framework; path = "Addons/parse-library-1.6.2/Parse.framework"; sourceTree = "<group>"; };
		6BC0FB711A956A5E00542CF0 /* ParseCrashReporting.framework */ = {isa = PBXFileReference; lastKnownFileType = wrapper.framework; name = ParseCrashReporting.framework; path = "Addons/parse-library-1.6.2/ParseCrashReporting.framework"; sourceTree = "<group>"; };
		6BC0FB721A956A5E00542CF0 /* ParseFacebookUtils.framework */ = {isa = PBXFileReference; lastKnownFileType = wrapper.framework; name = ParseFacebookUtils.framework; path = "Addons/parse-library-1.6.2/ParseFacebookUtils.framework"; sourceTree = "<group>"; };
		6BC0FB731A956A5E00542CF0 /* ParseUI.framework */ = {isa = PBXFileReference; lastKnownFileType = wrapper.framework; name = ParseUI.framework; path = "Addons/parse-library-1.6.2/ParseUI.framework"; sourceTree = "<group>"; };
		6BC0FB791A956AF500542CF0 /* CFNetwork.framework */ = {isa = PBXFileReference; lastKnownFileType = wrapper.framework; name = CFNetwork.framework; path = System/Library/Frameworks/CFNetwork.framework; sourceTree = SDKROOT; };
		6BC0FB7D1A956B8700542CF0 /* libsqlite3.dylib */ = {isa = PBXFileReference; lastKnownFileType = "compiled.mach-o.dylib"; name = libsqlite3.dylib; path = usr/lib/libsqlite3.dylib; sourceTree = SDKROOT; };
/* End PBXFileReference section */

/* Begin PBXFrameworksBuildPhase section */
		2B487FD91A95589200AB6375 /* Frameworks */ = {
			isa = PBXFrameworksBuildPhase;
			buildActionMask = 2147483647;
			files = (
				6BC0FB7E1A956B8700542CF0 /* libsqlite3.dylib in Frameworks */,
				6BC0FB3B1A9561B700542CF0 /* MobileCoreServices.framework in Frameworks */,
				6BC0FB7A1A956AF500542CF0 /* CFNetwork.framework in Frameworks */,
				6BC0FB741A956A5E00542CF0 /* Bolts.framework in Frameworks */,
				6BC0FB751A956A5E00542CF0 /* Parse.framework in Frameworks */,
				6BC0FB761A956A5E00542CF0 /* ParseCrashReporting.framework in Frameworks */,
				6BC0FB771A956A5E00542CF0 /* ParseFacebookUtils.framework in Frameworks */,
				6BC0FB781A956A5E00542CF0 /* ParseUI.framework in Frameworks */,
				6BC0FB431A9561DB00542CF0 /* SystemConfiguration.framework in Frameworks */,
				6BC0FB411A9561D000542CF0 /* StoreKit.framework in Frameworks */,
				6BC0FB3F1A9561C500542CF0 /* Security.framework in Frameworks */,
				6BC0FB3D1A9561BD00542CF0 /* QuartzCore.framework in Frameworks */,
				6BC0FB391A9561AE00542CF0 /* libz.dylib in Frameworks */,
				6BC0FB371A95619C00542CF0 /* CoreLocation.framework in Frameworks */,
				6BC0FB351A95619000542CF0 /* CoreGraphics.framework in Frameworks */,
				6BC0FB311A95617D00542CF0 /* AudioToolbox.framework in Frameworks */,
			);
			runOnlyForDeploymentPostprocessing = 0;
		};
		2B487FF11A95589200AB6375 /* Frameworks */ = {
			isa = PBXFrameworksBuildPhase;
			buildActionMask = 2147483647;
			files = (
			);
			runOnlyForDeploymentPostprocessing = 0;
		};
/* End PBXFrameworksBuildPhase section */

/* Begin PBXGroup section */
		2B16B9831A95736C000BAD81 /* Frameworks */ = {
			isa = PBXGroup;
			children = (
				6BC0FB791A956AF500542CF0 /* CFNetwork.framework */,
				6BC0FB6F1A956A5E00542CF0 /* Bolts.framework */,
				6BC0FB701A956A5E00542CF0 /* Parse.framework */,
				6BC0FB711A956A5E00542CF0 /* ParseCrashReporting.framework */,
				6BC0FB721A956A5E00542CF0 /* ParseFacebookUtils.framework */,
				6BC0FB731A956A5E00542CF0 /* ParseUI.framework */,
				6BC0FB421A9561DB00542CF0 /* SystemConfiguration.framework */,
				6BC0FB401A9561D000542CF0 /* StoreKit.framework */,
				6BC0FB3E1A9561C500542CF0 /* Security.framework */,
				6BC0FB3C1A9561BD00542CF0 /* QuartzCore.framework */,
				6BC0FB3A1A9561B700542CF0 /* MobileCoreServices.framework */,
				6BC0FB361A95619C00542CF0 /* CoreLocation.framework */,
				6BC0FB341A95619000542CF0 /* CoreGraphics.framework */,
				6BC0FB301A95617D00542CF0 /* AudioToolbox.framework */,
			);
			name = Frameworks;
			sourceTree = "<group>";
		};
		2B487FD31A95589200AB6375 = {
			isa = PBXGroup;
			children = (
				6BC0FB7D1A956B8700542CF0 /* libsqlite3.dylib */,
				6BC0FB381A9561AE00542CF0 /* libz.dylib */,
				2B487FDE1A95589200AB6375 /* Cordon Sanitaire */,
				2B16B9831A95736C000BAD81 /* Frameworks */,
				2B487FF71A95589200AB6375 /* Cordon SanitaireTests */,
				2B487FDD1A95589200AB6375 /* Products */,
			);
			sourceTree = "<group>";
		};
		2B487FDD1A95589200AB6375 /* Products */ = {
			isa = PBXGroup;
			children = (
				2B487FDC1A95589200AB6375 /* Cordon Sanitaire.app */,
				2B487FF41A95589200AB6375 /* Cordon SanitaireTests.xctest */,
			);
			name = Products;
			sourceTree = "<group>";
		};
		2B487FDE1A95589200AB6375 /* Cordon Sanitaire */ = {
			isa = PBXGroup;
			children = (
				2B487FE11A95589200AB6375 /* AppDelegate.swift */,
				2B487FE61A95589200AB6375 /* ViewController.swift */,
				2B487FE81A95589200AB6375 /* Main.storyboard */,
				2B487FEB1A95589200AB6375 /* Images.xcassets */,
				2B487FED1A95589200AB6375 /* LaunchScreen.xib */,
				2B487FE31A95589200AB6375 /* Cordon_Sanitaire.xcdatamodeld */,
				2B487FDF1A95589200AB6375 /* Supporting Files */,
			);
			path = "Cordon Sanitaire";
			sourceTree = "<group>";
		};
		2B487FDF1A95589200AB6375 /* Supporting Files */ = {
			isa = PBXGroup;
			children = (
				2B487FE01A95589200AB6375 /* Info.plist */,
				6BC0FB551A9562B700542CF0 /* Cordon Sanitaire-Bridging-Header.h */,
			);
			name = "Supporting Files";
			sourceTree = "<group>";
		};
		2B487FF71A95589200AB6375 /* Cordon SanitaireTests */ = {
			isa = PBXGroup;
			children = (
				2B487FFA1A95589200AB6375 /* Cordon_SanitaireTests.swift */,
				2B487FF81A95589200AB6375 /* Supporting Files */,
			);
			path = "Cordon SanitaireTests";
			sourceTree = "<group>";
		};
		2B487FF81A95589200AB6375 /* Supporting Files */ = {
			isa = PBXGroup;
			children = (
				2B487FF91A95589200AB6375 /* Info.plist */,
			);
			name = "Supporting Files";
			sourceTree = "<group>";
		};
/* End PBXGroup section */

/* Begin PBXNativeTarget section */
		2B487FDB1A95589200AB6375 /* Cordon Sanitaire */ = {
			isa = PBXNativeTarget;
			buildConfigurationList = 2B487FFE1A95589200AB6375 /* Build configuration list for PBXNativeTarget "Cordon Sanitaire" */;
			buildPhases = (
				2B487FD81A95589200AB6375 /* Sources */,
				2B487FD91A95589200AB6375 /* Frameworks */,
				2B487FDA1A95589200AB6375 /* Resources */,
			);
			buildRules = (
			);
			dependencies = (
			);
			name = "Cordon Sanitaire";
			productName = "Cordon Sanitaire";
			productReference = 2B487FDC1A95589200AB6375 /* Cordon Sanitaire.app */;
			productType = "com.apple.product-type.application";
		};
		2B487FF31A95589200AB6375 /* Cordon SanitaireTests */ = {
			isa = PBXNativeTarget;
			buildConfigurationList = 2B4880011A95589200AB6375 /* Build configuration list for PBXNativeTarget "Cordon SanitaireTests" */;
			buildPhases = (
				2B487FF01A95589200AB6375 /* Sources */,
				2B487FF11A95589200AB6375 /* Frameworks */,
				2B487FF21A95589200AB6375 /* Resources */,
			);
			buildRules = (
			);
			dependencies = (
				2B487FF61A95589200AB6375 /* PBXTargetDependency */,
			);
			name = "Cordon SanitaireTests";
			productName = "Cordon SanitaireTests";
			productReference = 2B487FF41A95589200AB6375 /* Cordon SanitaireTests.xctest */;
			productType = "com.apple.product-type.bundle.unit-test";
		};
/* End PBXNativeTarget section */

/* Begin PBXProject section */
		2B487FD41A95589200AB6375 /* Project object */ = {
			isa = PBXProject;
			attributes = {
				LastUpgradeCheck = 0610;
				ORGANIZATIONNAME = "Playful Systems";
				TargetAttributes = {
					2B487FDB1A95589200AB6375 = {
						CreatedOnToolsVersion = 6.1.1;
					};
					2B487FF31A95589200AB6375 = {
						CreatedOnToolsVersion = 6.1.1;
						TestTargetID = 2B487FDB1A95589200AB6375;
					};
				};
			};
			buildConfigurationList = 2B487FD71A95589200AB6375 /* Build configuration list for PBXProject "Cordon Sanitaire" */;
			compatibilityVersion = "Xcode 3.2";
			developmentRegion = English;
			hasScannedForEncodings = 0;
			knownRegions = (
				en,
				Base,
			);
			mainGroup = 2B487FD31A95589200AB6375;
			productRefGroup = 2B487FDD1A95589200AB6375 /* Products */;
			projectDirPath = "";
			projectRoot = "";
			targets = (
				2B487FDB1A95589200AB6375 /* Cordon Sanitaire */,
				2B487FF31A95589200AB6375 /* Cordon SanitaireTests */,
			);
		};
/* End PBXProject section */

/* Begin PBXResourcesBuildPhase section */
		2B487FDA1A95589200AB6375 /* Resources */ = {
			isa = PBXResourcesBuildPhase;
			buildActionMask = 2147483647;
			files = (
				2B487FEA1A95589200AB6375 /* Main.storyboard in Resources */,
				2B487FEF1A95589200AB6375 /* LaunchScreen.xib in Resources */,
				2B487FEC1A95589200AB6375 /* Images.xcassets in Resources */,
			);
			runOnlyForDeploymentPostprocessing = 0;
		};
		2B487FF21A95589200AB6375 /* Resources */ = {
			isa = PBXResourcesBuildPhase;
			buildActionMask = 2147483647;
			files = (
			);
			runOnlyForDeploymentPostprocessing = 0;
		};
/* End PBXResourcesBuildPhase section */

/* Begin PBXSourcesBuildPhase section */
		2B487FD81A95589200AB6375 /* Sources */ = {
			isa = PBXSourcesBuildPhase;
			buildActionMask = 2147483647;
			files = (
				2B487FE71A95589200AB6375 /* ViewController.swift in Sources */,
				2B487FE21A95589200AB6375 /* AppDelegate.swift in Sources */,
				2B487FE51A95589200AB6375 /* Cordon_Sanitaire.xcdatamodeld in Sources */,
			);
			runOnlyForDeploymentPostprocessing = 0;
		};
		2B487FF01A95589200AB6375 /* Sources */ = {
			isa = PBXSourcesBuildPhase;
			buildActionMask = 2147483647;
			files = (
				2B487FFB1A95589200AB6375 /* Cordon_SanitaireTests.swift in Sources */,
			);
			runOnlyForDeploymentPostprocessing = 0;
		};
/* End PBXSourcesBuildPhase section */

/* Begin PBXTargetDependency section */
		2B487FF61A95589200AB6375 /* PBXTargetDependency */ = {
			isa = PBXTargetDependency;
			target = 2B487FDB1A95589200AB6375 /* Cordon Sanitaire */;
			targetProxy = 2B487FF51A95589200AB6375 /* PBXContainerItemProxy */;
		};
/* End PBXTargetDependency section */

/* Begin PBXVariantGroup section */
		2B487FE81A95589200AB6375 /* Main.storyboard */ = {
			isa = PBXVariantGroup;
			children = (
				2B487FE91A95589200AB6375 /* Base */,
			);
			name = Main.storyboard;
			sourceTree = "<group>";
		};
		2B487FED1A95589200AB6375 /* LaunchScreen.xib */ = {
			isa = PBXVariantGroup;
			children = (
				2B487FEE1A95589200AB6375 /* Base */,
			);
			name = LaunchScreen.xib;
			sourceTree = "<group>";
		};
/* End PBXVariantGroup section */

/* Begin XCBuildConfiguration section */
		2B487FFC1A95589200AB6375 /* Debug */ = {
			isa = XCBuildConfiguration;
			buildSettings = {
				ALWAYS_SEARCH_USER_PATHS = NO;
				CLANG_CXX_LANGUAGE_STANDARD = "gnu++0x";
				CLANG_CXX_LIBRARY = "libc++";
				CLANG_ENABLE_MODULES = YES;
				CLANG_ENABLE_OBJC_ARC = YES;
				CLANG_WARN_BOOL_CONVERSION = YES;
				CLANG_WARN_CONSTANT_CONVERSION = YES;
				CLANG_WARN_DIRECT_OBJC_ISA_USAGE = YES_ERROR;
				CLANG_WARN_EMPTY_BODY = YES;
				CLANG_WARN_ENUM_CONVERSION = YES;
				CLANG_WARN_INT_CONVERSION = YES;
				CLANG_WARN_OBJC_ROOT_CLASS = YES_ERROR;
				CLANG_WARN_UNREACHABLE_CODE = YES;
				CLANG_WARN__DUPLICATE_METHOD_MATCH = YES;
				"CODE_SIGN_IDENTITY[sdk=iphoneos*]" = "iPhone Developer";
				COPY_PHASE_STRIP = NO;
				ENABLE_STRICT_OBJC_MSGSEND = YES;
				GCC_C_LANGUAGE_STANDARD = gnu99;
				GCC_DYNAMIC_NO_PIC = NO;
				GCC_OPTIMIZATION_LEVEL = 0;
				GCC_PREPROCESSOR_DEFINITIONS = (
					"DEBUG=1",
					"$(inherited)",
				);
				GCC_SYMBOLS_PRIVATE_EXTERN = NO;
				GCC_WARN_64_TO_32_BIT_CONVERSION = YES;
				GCC_WARN_ABOUT_RETURN_TYPE = YES_ERROR;
				GCC_WARN_UNDECLARED_SELECTOR = YES;
				GCC_WARN_UNINITIALIZED_AUTOS = YES_AGGRESSIVE;
				GCC_WARN_UNUSED_FUNCTION = YES;
				GCC_WARN_UNUSED_VARIABLE = YES;
				IPHONEOS_DEPLOYMENT_TARGET = 8.1;
				MTL_ENABLE_DEBUG_INFO = YES;
				ONLY_ACTIVE_ARCH = YES;
				SDKROOT = iphoneos;
				SWIFT_OPTIMIZATION_LEVEL = "-Onone";
			};
			name = Debug;
		};
		2B487FFD1A95589200AB6375 /* Release */ = {
			isa = XCBuildConfiguration;
			buildSettings = {
				ALWAYS_SEARCH_USER_PATHS = NO;
				CLANG_CXX_LANGUAGE_STANDARD = "gnu++0x";
				CLANG_CXX_LIBRARY = "libc++";
				CLANG_ENABLE_MODULES = YES;
				CLANG_ENABLE_OBJC_ARC = YES;
				CLANG_WARN_BOOL_CONVERSION = YES;
				CLANG_WARN_CONSTANT_CONVERSION = YES;
				CLANG_WARN_DIRECT_OBJC_ISA_USAGE = YES_ERROR;
				CLANG_WARN_EMPTY_BODY = YES;
				CLANG_WARN_ENUM_CONVERSION = YES;
				CLANG_WARN_INT_CONVERSION = YES;
				CLANG_WARN_OBJC_ROOT_CLASS = YES_ERROR;
				CLANG_WARN_UNREACHABLE_CODE = YES;
				CLANG_WARN__DUPLICATE_METHOD_MATCH = YES;
				"CODE_SIGN_IDENTITY[sdk=iphoneos*]" = "iPhone Developer";
				COPY_PHASE_STRIP = YES;
				ENABLE_NS_ASSERTIONS = NO;
				ENABLE_STRICT_OBJC_MSGSEND = YES;
				GCC_C_LANGUAGE_STANDARD = gnu99;
				GCC_WARN_64_TO_32_BIT_CONVERSION = YES;
				GCC_WARN_ABOUT_RETURN_TYPE = YES_ERROR;
				GCC_WARN_UNDECLARED_SELECTOR = YES;
				GCC_WARN_UNINITIALIZED_AUTOS = YES_AGGRESSIVE;
				GCC_WARN_UNUSED_FUNCTION = YES;
				GCC_WARN_UNUSED_VARIABLE = YES;
				IPHONEOS_DEPLOYMENT_TARGET = 8.1;
				MTL_ENABLE_DEBUG_INFO = NO;
				SDKROOT = iphoneos;
				VALIDATE_PRODUCT = YES;
			};
			name = Release;
		};
		2B487FFF1A95589200AB6375 /* Debug */ = {
			isa = XCBuildConfiguration;
			buildSettings = {
				ASSETCATALOG_COMPILER_APPICON_NAME = AppIcon;
				CLANG_ENABLE_MODULES = YES;
				FRAMEWORK_SEARCH_PATHS = (
					"$(inherited)",
					"$(PROJECT_DIR)/Addons/parse-library-1.6.2",
				);
				INFOPLIST_FILE = "Cordon Sanitaire/Info.plist";
				LD_RUNPATH_SEARCH_PATHS = "$(inherited) @executable_path/Frameworks";
				PRODUCT_NAME = "$(TARGET_NAME)";
				SWIFT_OBJC_BRIDGING_HEADER = "Cordon Sanitaire-Bridging-Header.h";
				SWIFT_OPTIMIZATION_LEVEL = "-Onone";
			};
			name = Debug;
		};
		2B4880001A95589200AB6375 /* Release */ = {
			isa = XCBuildConfiguration;
			buildSettings = {
				ASSETCATALOG_COMPILER_APPICON_NAME = AppIcon;
				CLANG_ENABLE_MODULES = YES;
				FRAMEWORK_SEARCH_PATHS = (
					"$(inherited)",
					"$(PROJECT_DIR)/Addons/parse-library-1.6.2",
				);
				INFOPLIST_FILE = "Cordon Sanitaire/Info.plist";
				LD_RUNPATH_SEARCH_PATHS = "$(inherited) @executable_path/Frameworks";
				PRODUCT_NAME = "$(TARGET_NAME)";
				SWIFT_OBJC_BRIDGING_HEADER = "Cordon Sanitaire-Bridging-Header.h";
			};
			name = Release;
		};
		2B4880021A95589200AB6375 /* Debug */ = {
			isa = XCBuildConfiguration;
			buildSettings = {
				BUNDLE_LOADER = "$(TEST_HOST)";
				FRAMEWORK_SEARCH_PATHS = (
					"$(SDKROOT)/Developer/Library/Frameworks",
					"$(inherited)",
				);
				GCC_PREPROCESSOR_DEFINITIONS = (
					"DEBUG=1",
					"$(inherited)",
				);
				INFOPLIST_FILE = "Cordon SanitaireTests/Info.plist";
				LD_RUNPATH_SEARCH_PATHS = "$(inherited) @executable_path/Frameworks @loader_path/Frameworks";
				PRODUCT_NAME = "$(TARGET_NAME)";
				TEST_HOST = "$(BUILT_PRODUCTS_DIR)/Cordon Sanitaire.app/Cordon Sanitaire";
			};
			name = Debug;
		};
		2B4880031A95589200AB6375 /* Release */ = {
			isa = XCBuildConfiguration;
			buildSettings = {
				BUNDLE_LOADER = "$(TEST_HOST)";
				FRAMEWORK_SEARCH_PATHS = (
					"$(SDKROOT)/Developer/Library/Frameworks",
					"$(inherited)",
				);
				INFOPLIST_FILE = "Cordon SanitaireTests/Info.plist";
				LD_RUNPATH_SEARCH_PATHS = "$(inherited) @executable_path/Frameworks @loader_path/Frameworks";
				PRODUCT_NAME = "$(TARGET_NAME)";
				TEST_HOST = "$(BUILT_PRODUCTS_DIR)/Cordon Sanitaire.app/Cordon Sanitaire";
			};
			name = Release;
		};
/* End XCBuildConfiguration section */

/* Begin XCConfigurationList section */
		2B487FD71A95589200AB6375 /* Build configuration list for PBXProject "Cordon Sanitaire" */ = {
			isa = XCConfigurationList;
			buildConfigurations = (
				2B487FFC1A95589200AB6375 /* Debug */,
				2B487FFD1A95589200AB6375 /* Release */,
			);
			defaultConfigurationIsVisible = 0;
			defaultConfigurationName = Release;
		};
		2B487FFE1A95589200AB6375 /* Build configuration list for PBXNativeTarget "Cordon Sanitaire" */ = {
			isa = XCConfigurationList;
			buildConfigurations = (
				2B487FFF1A95589200AB6375 /* Debug */,
				2B4880001A95589200AB6375 /* Release */,
			);
			defaultConfigurationIsVisible = 0;
			defaultConfigurationName = Release;
		};
		2B4880011A95589200AB6375 /* Build configuration list for PBXNativeTarget "Cordon SanitaireTests" */ = {
			isa = XCConfigurationList;
			buildConfigurations = (
				2B4880021A95589200AB6375 /* Debug */,
				2B4880031A95589200AB6375 /* Release */,
			);
			defaultConfigurationIsVisible = 0;
			defaultConfigurationName = Release;
		};
/* End XCConfigurationList section */

/* Begin XCVersionGroup section */
		2B487FE31A95589200AB6375 /* Cordon_Sanitaire.xcdatamodeld */ = {
			isa = XCVersionGroup;
			children = (
				2B487FE41A95589200AB6375 /* Cordon_Sanitaire.xcdatamodel */,
			);
			currentVersion = 2B487FE41A95589200AB6375 /* Cordon_Sanitaire.xcdatamodel */;
			path = Cordon_Sanitaire.xcdatamodeld;
			sourceTree = "<group>";
			versionGroupType = wrapper.xcdatamodel;
		};
/* End XCVersionGroup section */
	};
	rootObject = 2B487FD41A95589200AB6375 /* Project object */;
}
